
Microsoft Visual Studio Solution File, Format Version 12.00
# Visual Studio 15
VisualStudioVersion = 15.0.26228.4
MinimumVisualStudioVersion = 10.0.40219.1
Project("{FAE04EC0-301F-11D3-BF4B-00C04F79EFBC}") = "AccountTest", "AccountTest\AccountTest.csproj", "{D526F14C-2F91-4608-8ED7-43ABD4C6A722}"
EndProject
Project("{FAE04EC0-301F-11D3-BF4B-00C04F79EFBC}") = "BankingModel", "BankingModel\BankingModel.csproj", "{2EB9DFF2-08E4-4588-8D0C-7005BF180DEF}"
EndProject
Global
	GlobalSection(SolutionConfigurationPlatforms) = preSolution
		Debug|Any CPU = Debug|Any CPU
		Release|Any CPU = Release|Any CPU
	EndGlobalSection
	GlobalSection(ProjectConfigurationPlatforms) = postSolution
		{D526F14C-2F91-4608-8ED7-43ABD4C6A722}.Debug|Any CPU.ActiveCfg = Debug|Any CPU
		{D526F14C-2F91-4608-8ED7-43ABD4C6A722}.Debug|Any CPU.Build.0 = Debug|Any CPU
		{D526F14C-2F91-4608-8ED7-43ABD4C6A722}.Release|Any CPU.ActiveCfg = Release|Any CPU
		{D526F14C-2F91-4608-8ED7-43ABD4C6A722}.Release|Any CPU.Build.0 = Release|Any CPU
		{2EB9DFF2-08E4-4588-8D0C-7005BF180DEF}.Debug|Any CPU.ActiveCfg = Debug|Any CPU
		{2EB9DFF2-08E4-4588-8D0C-7005BF180DEF}.Debug|Any CPU.Build.0 = Debug|Any CPU
		{2EB9DFF2-08E4-4588-8D0C-7005BF180DEF}.Release|Any CPU.ActiveCfg = Release|Any CPU
		{2EB9DFF2-08E4-4588-8D0C-7005BF180DEF}.Release|Any CPU.Build.0 = Release|Any CPU
	EndGlobalSection
	GlobalSection(SolutionProperties) = preSolution
		HideSolutionNode = FALSE
	EndGlobalSection
EndGlobal
